
Microsoft Visual Studio Solution File, Format Version 12.00
# Visual Studio 15
VisualStudioVersion = 15.0.28307.1259
MinimumVisualStudioVersion = 10.0.40219.1
Project("{FAE04EC0-301F-11D3-BF4B-00C04F79EFBC}") = "WCFService_2Way_004", "WCFService_2Way_004\WCFService_2Way_004.csproj", "{7EAF0600-35C2-4A6B-9ED5-461011A10F64}"
EndProject
Global
	GlobalSection(SolutionConfigurationPlatforms) = preSolution
		Debug|Any CPU = Debug|Any CPU
		Release|Any CPU = Release|Any CPU
	EndGlobalSection
	GlobalSection(ProjectConfigurationPlatforms) = postSolution
		{7EAF0600-35C2-4A6B-9ED5-461011A10F64}.Debug|Any CPU.ActiveCfg = Debug|Any CPU
		{7EAF0600-35C2-4A6B-9ED5-461011A10F64}.Debug|Any CPU.Build.0 = Debug|Any CPU
		{7EAF0600-35C2-4A6B-9ED5-461011A10F64}.Release|Any CPU.ActiveCfg = Release|Any CPU
		{7EAF0600-35C2-4A6B-9ED5-461011A10F64}.Release|Any CPU.Build.0 = Release|Any CPU
	EndGlobalSection
	GlobalSection(SolutionProperties) = preSolution
		HideSolutionNode = FALSE
	EndGlobalSection
	GlobalSection(ExtensibilityGlobals) = postSolution
		SolutionGuid = {EBAC5F16-879B-4BD5-97C3-E780DEE493FE}
	EndGlobalSection
EndGlobal
